// !$*UTF8*$!
{
	archiveVersion = 1;
	classes = {
	};
	objectVersion = 77;
	objects = {

/* Begin PBXBuildFile section */
		8DFDE36A2D506666005004AB /* TODO.md in Resources */ = {isa = PBXBuildFile; fileRef = 8DFDE3692D506661005004AB /* TODO.md */; };
/* End PBXBuildFile section */

/* Begin PBXContainerItemProxy section */
		8DB7533B2D5DA349008581C5 /* PBXContainerItemProxy */ = {
			isa = PBXContainerItemProxy;
			containerPortal = 8DFDE3362D505C70005004AB /* Project object */;
			proxyType = 1;
			remoteGlobalIDString = 8DFDE33D2D505C70005004AB;
			remoteInfo = OuluBank;
		};
		8DFDE3572D505CBE005004AB /* PBXContainerItemProxy */ = {
			isa = PBXContainerItemProxy;
			containerPortal = 8DFDE3362D505C70005004AB /* Project object */;
			proxyType = 1;
			remoteGlobalIDString = 8DFDE33D2D505C70005004AB;
			remoteInfo = OuluBank;
		};
/* End PBXContainerItemProxy section */

/* Begin PBXFileReference section */
		8DB753352D5DA349008581C5 /* OuluBankUITests.xctest */ = {isa = PBXFileReference; explicitFileType = wrapper.cfbundle; includeInIndex = 0; path = OuluBankUITests.xctest; sourceTree = BUILT_PRODUCTS_DIR; };
		8DFDE33E2D505C70005004AB /* OuluBank.app */ = {isa = PBXFileReference; explicitFileType = wrapper.application; includeInIndex = 0; path = OuluBank.app; sourceTree = BUILT_PRODUCTS_DIR; };
		8DFDE3532D505CBE005004AB /* OuluBankTests.xctest */ = {isa = PBXFileReference; explicitFileType = wrapper.cfbundle; includeInIndex = 0; path = OuluBankTests.xctest; sourceTree = BUILT_PRODUCTS_DIR; };
		8DFDE3692D506661005004AB /* TODO.md */ = {isa = PBXFileReference; lastKnownFileType = net.daringfireball.markdown; path = TODO.md; sourceTree = "<group>"; };
/* End PBXFileReference section */

/* Begin PBXFileSystemSynchronizedRootGroup section */
		8DB753362D5DA349008581C5 /* OuluBankUITests */ = {
			isa = PBXFileSystemSynchronizedRootGroup;
			path = OuluBankUITests;
			sourceTree = "<group>";
		};
		8DFDE3402D505C70005004AB /* OuluBank */ = {
			isa = PBXFileSystemSynchronizedRootGroup;
			path = OuluBank;
			sourceTree = "<group>";
		};
		8DFDE3542D505CBE005004AB /* OuluBankTests */ = {
			isa = PBXFileSystemSynchronizedRootGroup;
			path = OuluBankTests;
			sourceTree = "<group>";
		};
/* End PBXFileSystemSynchronizedRootGroup section */

/* Begin PBXFrameworksBuildPhase section */
		8DB753322D5DA349008581C5 /* Frameworks */ = {
			isa = PBXFrameworksBuildPhase;
			buildActionMask = 2147483647;
			files = (
			);
			runOnlyForDeploymentPostprocessing = 0;
		};
		8DFDE33B2D505C70005004AB /* Frameworks */ = {
			isa = PBXFrameworksBuildPhase;
			buildActionMask = 2147483647;
			files = (
			);
			runOnlyForDeploymentPostprocessing = 0;
		};
		8DFDE3502D505CBE005004AB /* Frameworks */ = {
			isa = PBXFrameworksBuildPhase;
			buildActionMask = 2147483647;
			files = (
			);
			runOnlyForDeploymentPostprocessing = 0;
		};
/* End PBXFrameworksBuildPhase section */

/* Begin PBXGroup section */
		8DFDE3352D505C70005004AB = {
			isa = PBXGroup;
			children = (
				8DFDE3692D506661005004AB /* TODO.md */,
				8DFDE3402D505C70005004AB /* OuluBank */,
				8DFDE3542D505CBE005004AB /* OuluBankTests */,
				8DB753362D5DA349008581C5 /* OuluBankUITests */,
				8DFDE33F2D505C70005004AB /* Products */,
			);
			sourceTree = "<group>";
		};
		8DFDE33F2D505C70005004AB /* Products */ = {
			isa = PBXGroup;
			children = (
				8DFDE33E2D505C70005004AB /* OuluBank.app */,
				8DFDE3532D505CBE005004AB /* OuluBankTests.xctest */,
				8DB753352D5DA349008581C5 /* OuluBankUITests.xctest */,
			);
			name = Products;
			sourceTree = "<group>";
		};
/* End PBXGroup section */

/* Begin PBXNativeTarget section */
		8DB753342D5DA349008581C5 /* OuluBankUITests */ = {
			isa = PBXNativeTarget;
			buildConfigurationList = 8DB7533D2D5DA349008581C5 /* Build configuration list for PBXNativeTarget "OuluBankUITests" */;
			buildPhases = (
				8DB753312D5DA349008581C5 /* Sources */,
				8DB753322D5DA349008581C5 /* Frameworks */,
				8DB753332D5DA349008581C5 /* Resources */,
			);
			buildRules = (
			);
			dependencies = (
				8DB7533C2D5DA349008581C5 /* PBXTargetDependency */,
			);
			fileSystemSynchronizedGroups = (
				8DB753362D5DA349008581C5 /* OuluBankUITests */,
			);
			name = OuluBankUITests;
			packageProductDependencies = (
			);
			productName = OuluBankUITests;
			productReference = 8DB753352D5DA349008581C5 /* OuluBankUITests.xctest */;
			productType = "com.apple.product-type.bundle.ui-testing";
		};
		8DFDE33D2D505C70005004AB /* OuluBank */ = {
			isa = PBXNativeTarget;
			buildConfigurationList = 8DFDE34C2D505C71005004AB /* Build configuration list for PBXNativeTarget "OuluBank" */;
			buildPhases = (
				8DFDE33A2D505C70005004AB /* Sources */,
				8DFDE33B2D505C70005004AB /* Frameworks */,
				8DFDE33C2D505C70005004AB /* Resources */,
			);
			buildRules = (
			);
			dependencies = (
			);
			fileSystemSynchronizedGroups = (
				8DFDE3402D505C70005004AB /* OuluBank */,
			);
			name = OuluBank;
			packageProductDependencies = (
			);
			productName = OuluBank;
			productReference = 8DFDE33E2D505C70005004AB /* OuluBank.app */;
			productType = "com.apple.product-type.application";
		};
		8DFDE3522D505CBE005004AB /* OuluBankTests */ = {
			isa = PBXNativeTarget;
			buildConfigurationList = 8DFDE3592D505CBE005004AB /* Build configuration list for PBXNativeTarget "OuluBankTests" */;
			buildPhases = (
				8DFDE34F2D505CBE005004AB /* Sources */,
				8DFDE3502D505CBE005004AB /* Frameworks */,
				8DFDE3512D505CBE005004AB /* Resources */,
			);
			buildRules = (
			);
			dependencies = (
				8DFDE3582D505CBE005004AB /* PBXTargetDependency */,
			);
			fileSystemSynchronizedGroups = (
				8DFDE3542D505CBE005004AB /* OuluBankTests */,
			);
			name = OuluBankTests;
			packageProductDependencies = (
			);
			productName = OuluBankTests;
			productReference = 8DFDE3532D505CBE005004AB /* OuluBankTests.xctest */;
			productType = "com.apple.product-type.bundle.unit-test";
		};
/* End PBXNativeTarget section */

/* Begin PBXProject section */
		8DFDE3362D505C70005004AB /* Project object */ = {
			isa = PBXProject;
			attributes = {
				BuildIndependentTargetsInParallel = 1;
				LastSwiftUpdateCheck = 1600;
				LastUpgradeCheck = 1600;
				TargetAttributes = {
					8DB753342D5DA349008581C5 = {
						CreatedOnToolsVersion = 16.0;
						TestTargetID = 8DFDE33D2D505C70005004AB;
					};
					8DFDE33D2D505C70005004AB = {
						CreatedOnToolsVersion = 16.0;
					};
					8DFDE3522D505CBE005004AB = {
						CreatedOnToolsVersion = 16.0;
						TestTargetID = 8DFDE33D2D505C70005004AB;
					};
				};
			};
			buildConfigurationList = 8DFDE3392D505C70005004AB /* Build configuration list for PBXProject "OuluBank" */;
			developmentRegion = en;
			hasScannedForEncodings = 0;
			knownRegions = (
				en,
				Base,
			);
			mainGroup = 8DFDE3352D505C70005004AB;
			minimizedProjectReferenceProxies = 1;
			preferredProjectObjectVersion = 77;
			productRefGroup = 8DFDE33F2D505C70005004AB /* Products */;
			projectDirPath = "";
			projectRoot = "";
			targets = (
				8DFDE33D2D505C70005004AB /* OuluBank */,
				8DFDE3522D505CBE005004AB /* OuluBankTests */,
				8DB753342D5DA349008581C5 /* OuluBankUITests */,
			);
		};
/* End PBXProject section */

/* Begin PBXResourcesBuildPhase section */
		8DB753332D5DA349008581C5 /* Resources */ = {
			isa = PBXResourcesBuildPhase;
			buildActionMask = 2147483647;
			files = (
			);
			runOnlyForDeploymentPostprocessing = 0;
		};
		8DFDE33C2D505C70005004AB /* Resources */ = {
			isa = PBXResourcesBuildPhase;
			buildActionMask = 2147483647;
			files = (
				8DFDE36A2D506666005004AB /* TODO.md in Resources */,
			);
			runOnlyForDeploymentPostprocessing = 0;
		};
		8DFDE3512D505CBE005004AB /* Resources */ = {
			isa = PBXResourcesBuildPhase;
			buildActionMask = 2147483647;
			files = (
			);
			runOnlyForDeploymentPostprocessing = 0;
		};
/* End PBXResourcesBuildPhase section */

/* Begin PBXSourcesBuildPhase section */
		8DB753312D5DA349008581C5 /* Sources */ = {
			isa = PBXSourcesBuildPhase;
			buildActionMask = 2147483647;
			files = (
			);
			runOnlyForDeploymentPostprocessing = 0;
		};
		8DFDE33A2D505C70005004AB /* Sources */ = {
			isa = PBXSourcesBuildPhase;
			buildActionMask = 2147483647;
			files = (
			);
			runOnlyForDeploymentPostprocessing = 0;
		};
		8DFDE34F2D505CBE005004AB /* Sources */ = {
			isa = PBXSourcesBuildPhase;
			buildActionMask = 2147483647;
			files = (
			);
			runOnlyForDeploymentPostprocessing = 0;
		};
/* End PBXSourcesBuildPhase section */

/* Begin PBXTargetDependency section */
		8DB7533C2D5DA349008581C5 /* PBXTargetDependency */ = {
			isa = PBXTargetDependency;
			target = 8DFDE33D2D505C70005004AB /* OuluBank */;
			targetProxy = 8DB7533B2D5DA349008581C5 /* PBXContainerItemProxy */;
		};
		8DFDE3582D505CBE005004AB /* PBXTargetDependency */ = {
			isa = PBXTargetDependency;
			target = 8DFDE33D2D505C70005004AB /* OuluBank */;
			targetProxy = 8DFDE3572D505CBE005004AB /* PBXContainerItemProxy */;
		};
/* End PBXTargetDependency section */

/* Begin XCBuildConfiguration section */
		8DB7533E2D5DA349008581C5 /* Debug */ = {
			isa = XCBuildConfiguration;
			buildSettings = {
				CODE_SIGN_STYLE = Automatic;
				CURRENT_PROJECT_VERSION = 1;
				DEVELOPMENT_TEAM = B2Q8EGNCQA;
				GENERATE_INFOPLIST_FILE = YES;
				MARKETING_VERSION = 1.0;
				PRODUCT_BUNDLE_IDENTIFIER = com.azamsharp.OuluBankUITests;
				PRODUCT_NAME = "$(TARGET_NAME)";
				SWIFT_EMIT_LOC_STRINGS = NO;
				SWIFT_VERSION = 5.0;
				TARGETED_DEVICE_FAMILY = "1,2";
				TEST_TARGET_NAME = OuluBank;
			};
			name = Debug;
		};
		8DB7533F2D5DA349008581C5 /* Release */ = {
			isa = XCBuildConfiguration;
			buildSettings = {
				CODE_SIGN_STYLE = Automatic;
				CURRENT_PROJECT_VERSION = 1;
				DEVELOPMENT_TEAM = B2Q8EGNCQA;
				GENERATE_INFOPLIST_FILE = YES;
				MARKETING_VERSION = 1.0;
				PRODUCT_BUNDLE_IDENTIFIER = com.azamsharp.OuluBankUITests;
				PRODUCT_NAME = "$(TARGET_NAME)";
				SWIFT_EMIT_LOC_STRINGS = NO;
				SWIFT_VERSION = 5.0;
				TARGETED_DEVICE_FAMILY = "1,2";
				TEST_TARGET_NAME = OuluBank;
			};
			name = Release;
		};
		8DFDE34A2D505C71005004AB /* Debug */ = {
			isa = XCBuildConfiguration;
			buildSettings = {
				ALWAYS_SEARCH_USER_PATHS = NO;
				ASSETCATALOG_COMPILER_GENERATE_SWIFT_ASSET_SYMBOL_EXTENSIONS = YES;
				CLANG_ANALYZER_NONNULL = YES;
				CLANG_ANALYZER_NUMBER_OBJECT_CONVERSION = YES_AGGRESSIVE;
				CLANG_CXX_LANGUAGE_STANDARD = "gnu++20";
				CLANG_ENABLE_MODULES = YES;
				CLANG_ENABLE_OBJC_ARC = YES;
				CLANG_ENABLE_OBJC_WEAK = YES;
				CLANG_WARN_BLOCK_CAPTURE_AUTORELEASING = YES;
				CLANG_WARN_BOOL_CONVERSION = YES;
				CLANG_WARN_COMMA = YES;
				CLANG_WARN_CONSTANT_CONVERSION = YES;
				CLANG_WARN_DEPRECATED_OBJC_IMPLEMENTATIONS = YES;
				CLANG_WARN_DIRECT_OBJC_ISA_USAGE = YES_ERROR;
				CLANG_WARN_DOCUMENTATION_COMMENTS = YES;
				CLANG_WARN_EMPTY_BODY = YES;
				CLANG_WARN_ENUM_CONVERSION = YES;
				CLANG_WARN_INFINITE_RECURSION = YES;
				CLANG_WARN_INT_CONVERSION = YES;
				CLANG_WARN_NON_LITERAL_NULL_CONVERSION = YES;
				CLANG_WARN_OBJC_IMPLICIT_RETAIN_SELF = YES;
				CLANG_WARN_OBJC_LITERAL_CONVERSION = YES;
				CLANG_WARN_OBJC_ROOT_CLASS = YES_ERROR;
				CLANG_WARN_QUOTED_INCLUDE_IN_FRAMEWORK_HEADER = YES;
				CLANG_WARN_RANGE_LOOP_ANALYSIS = YES;
				CLANG_WARN_STRICT_PROTOTYPES = YES;
				CLANG_WARN_SUSPICIOUS_MOVE = YES;
				CLANG_WARN_UNGUARDED_AVAILABILITY = YES_AGGRESSIVE;
				CLANG_WARN_UNREACHABLE_CODE = YES;
				CLANG_WARN__DUPLICATE_METHOD_MATCH = YES;
				COPY_PHASE_STRIP = NO;
				DEBUG_INFORMATION_FORMAT = dwarf;
				ENABLE_STRICT_OBJC_MSGSEND = YES;
				ENABLE_TESTABILITY = YES;
				ENABLE_USER_SCRIPT_SANDBOXING = YES;
				GCC_C_LANGUAGE_STANDARD = gnu17;
				GCC_DYNAMIC_NO_PIC = NO;
				GCC_NO_COMMON_BLOCKS = YES;
				GCC_OPTIMIZATION_LEVEL = 0;
				GCC_PREPROCESSOR_DEFINITIONS = (
					"DEBUG=1",
					"$(inherited)",
				);
				GCC_WARN_64_TO_32_BIT_CONVERSION = YES;
				GCC_WARN_ABOUT_RETURN_TYPE = YES_ERROR;
				GCC_WARN_UNDECLARED_SELECTOR = YES;
				GCC_WARN_UNINITIALIZED_AUTOS = YES_AGGRESSIVE;
				GCC_WARN_UNUSED_FUNCTION = YES;
				GCC_WARN_UNUSED_VARIABLE = YES;
				IPHONEOS_DEPLOYMENT_TARGET = 18.0;
				LOCALIZATION_PREFERS_STRING_CATALOGS = YES;
				MTL_ENABLE_DEBUG_INFO = INCLUDE_SOURCE;
				MTL_FAST_MATH = YES;
				ONLY_ACTIVE_ARCH = YES;
				SDKROOT = iphoneos;
				SWIFT_ACTIVE_COMPILATION_CONDITIONS = "DEBUG $(inherited)";
				SWIFT_OPTIMIZATION_LEVEL = "-Onone";
			};
			name = Debug;
		};
		8DFDE34B2D505C71005004AB /* Release */ = {
			isa = XCBuildConfiguration;
			buildSettings = {
				ALWAYS_SEARCH_USER_PATHS = NO;
				ASSETCATALOG_COMPILER_GENERATE_SWIFT_ASSET_SYMBOL_EXTENSIONS = YES;
				CLANG_ANALYZER_NONNULL = YES;
				CLANG_ANALYZER_NUMBER_OBJECT_CONVERSION = YES_AGGRESSIVE;
				CLANG_CXX_LANGUAGE_STANDARD = "gnu++20";
				CLANG_ENABLE_MODULES = YES;
				CLANG_ENABLE_OBJC_ARC = YES;
				CLANG_ENABLE_OBJC_WEAK = YES;
				CLANG_WARN_BLOCK_CAPTURE_AUTORELEASING = YES;
				CLANG_WARN_BOOL_CONVERSION = YES;
				CLANG_WARN_COMMA = YES;
				CLANG_WARN_CONSTANT_CONVERSION = YES;
				CLANG_WARN_DEPRECATED_OBJC_IMPLEMENTATIONS = YES;
				CLANG_WARN_DIRECT_OBJC_ISA_USAGE = YES_ERROR;
				CLANG_WARN_DOCUMENTATION_COMMENTS = YES;
				CLANG_WARN_EMPTY_BODY = YES;
				CLANG_WARN_ENUM_CONVERSION = YES;
				CLANG_WARN_INFINITE_RECURSION = YES;
				CLANG_WARN_INT_CONVERSION = YES;
				CLANG_WARN_NON_LITERAL_NULL_CONVERSION = YES;
				CLANG_WARN_OBJC_IMPLICIT_RETAIN_SELF = YES;
				CLANG_WARN_OBJC_LITERAL_CONVERSION = YES;
				CLANG_WARN_OBJC_ROOT_CLASS = YES_ERROR;
				CLANG_WARN_QUOTED_INCLUDE_IN_FRAMEWORK_HEADER = YES;
				CLANG_WARN_RANGE_LOOP_ANALYSIS = YES;
				CLANG_WARN_STRICT_PROTOTYPES = YES;
				CLANG_WARN_SUSPICIOUS_MOVE = YES;
				CLANG_WARN_UNGUARDED_AVAILABILITY = YES_AGGRESSIVE;
				CLANG_WARN_UNREACHABLE_CODE = YES;
				CLANG_WARN__DUPLICATE_METHOD_MATCH = YES;
				COPY_PHASE_STRIP = NO;
				DEBUG_INFORMATION_FORMAT = "dwarf-with-dsym";
				ENABLE_NS_ASSERTIONS = NO;
				ENABLE_STRICT_OBJC_MSGSEND = YES;
				ENABLE_USER_SCRIPT_SANDBOXING = YES;
				GCC_C_LANGUAGE_STANDARD = gnu17;
				GCC_NO_COMMON_BLOCKS = YES;
				GCC_WARN_64_TO_32_BIT_CONVERSION = YES;
				GCC_WARN_ABOUT_RETURN_TYPE = YES_ERROR;
				GCC_WARN_UNDECLARED_SELECTOR = YES;
				GCC_WARN_UNINITIALIZED_AUTOS = YES_AGGRESSIVE;
				GCC_WARN_UNUSED_FUNCTION = YES;
				GCC_WARN_UNUSED_VARIABLE = YES;
				IPHONEOS_DEPLOYMENT_TARGET = 18.0;
				LOCALIZATION_PREFERS_STRING_CATALOGS = YES;
				MTL_ENABLE_DEBUG_INFO = NO;
				MTL_FAST_MATH = YES;
				SDKROOT = iphoneos;
				SWIFT_COMPILATION_MODE = wholemodule;
				VALIDATE_PRODUCT = YES;
			};
			name = Release;
		};
		8DFDE34D2D505C71005004AB /* Debug */ = {
			isa = XCBuildConfiguration;
			buildSettings = {
				ASSETCATALOG_COMPILER_APPICON_NAME = AppIcon;
				ASSETCATALOG_COMPILER_GLOBAL_ACCENT_COLOR_NAME = AccentColor;
				CODE_SIGN_STYLE = Automatic;
				CURRENT_PROJECT_VERSION = 1;
				DEVELOPMENT_ASSET_PATHS = "\"OuluBank/Preview Content\"";
				DEVELOPMENT_TEAM = B2Q8EGNCQA;
				ENABLE_PREVIEWS = YES;
				GENERATE_INFOPLIST_FILE = YES;
				INFOPLIST_KEY_UIApplicationSceneManifest_Generation = YES;
				INFOPLIST_KEY_UIApplicationSupportsIndirectInputEvents = YES;
				INFOPLIST_KEY_UILaunchScreen_Generation = YES;
				INFOPLIST_KEY_UISupportedInterfaceOrientations_iPad = "UIInterfaceOrientationPortrait UIInterfaceOrientationPortraitUpsideDown UIInterfaceOrientationLandscapeLeft UIInterfaceOrientationLandscapeRight";
				INFOPLIST_KEY_UISupportedInterfaceOrientations_iPhone = "UIInterfaceOrientationPortrait UIInterfaceOrientationLandscapeLeft UIInterfaceOrientationLandscapeRight";
				LD_RUNPATH_SEARCH_PATHS = (
					"$(inherited)",
					"@executable_path/Frameworks",
				);
				MARKETING_VERSION = 1.0;
				PRODUCT_BUNDLE_IDENTIFIER = com.azamsharp.OuluBank;
				PRODUCT_NAME = "$(TARGET_NAME)";
				SWIFT_EMIT_LOC_STRINGS = YES;
				SWIFT_VERSION = 5.0;
				TARGETED_DEVICE_FAMILY = "1,2";
			};
			name = Debug;
		};
		8DFDE34E2D505C71005004AB /* Release */ = {
			isa = XCBuildConfiguration;
			buildSettings = {
				ASSETCATALOG_COMPILER_APPICON_NAME = AppIcon;
				ASSETCATALOG_COMPILER_GLOBAL_ACCENT_COLOR_NAME = AccentColor;
				CODE_SIGN_STYLE = Automatic;
				CURRENT_PROJECT_VERSION = 1;
				DEVELOPMENT_ASSET_PATHS = "\"OuluBank/Preview Content\"";
				DEVELOPMENT_TEAM = B2Q8EGNCQA;
				ENABLE_PREVIEWS = YES;
				GENERATE_INFOPLIST_FILE = YES;
				INFOPLIST_KEY_UIApplicationSceneManifest_Generation = YES;
				INFOPLIST_KEY_UIApplicationSupportsIndirectInputEvents = YES;
				INFOPLIST_KEY_UILaunchScreen_Generation = YES;
				INFOPLIST_KEY_UISupportedInterfaceOrientations_iPad = "UIInterfaceOrientationPortrait UIInterfaceOrientationPortraitUpsideDown UIInterfaceOrientationLandscapeLeft UIInterfaceOrientationLandscapeRight";
				INFOPLIST_KEY_UISupportedInterfaceOrientations_iPhone = "UIInterfaceOrientationPortrait UIInterfaceOrientationLandscapeLeft UIInterfaceOrientationLandscapeRight";
				LD_RUNPATH_SEARCH_PATHS = (
					"$(inherited)",
					"@executable_path/Frameworks",
				);
				MARKETING_VERSION = 1.0;
				PRODUCT_BUNDLE_IDENTIFIER = com.azamsharp.OuluBank;
				PRODUCT_NAME = "$(TARGET_NAME)";
				SWIFT_EMIT_LOC_STRINGS = YES;
				SWIFT_VERSION = 5.0;
				TARGETED_DEVICE_FAMILY = "1,2";
			};
			name = Release;
		};
		8DFDE35A2D505CBE005004AB /* Debug */ = {
			isa = XCBuildConfiguration;
			buildSettings = {
				BUNDLE_LOADER = "$(TEST_HOST)";
				CODE_SIGN_STYLE = Automatic;
				CURRENT_PROJECT_VERSION = 1;
				DEVELOPMENT_TEAM = B2Q8EGNCQA;
				GENERATE_INFOPLIST_FILE = YES;
				MARKETING_VERSION = 1.0;
				PRODUCT_BUNDLE_IDENTIFIER = com.azamsharp.OuluBankTests;
				PRODUCT_NAME = "$(TARGET_NAME)";
				SWIFT_EMIT_LOC_STRINGS = NO;
				SWIFT_VERSION = 5.0;
				TARGETED_DEVICE_FAMILY = "1,2";
				TEST_HOST = "$(BUILT_PRODUCTS_DIR)/OuluBank.app/$(BUNDLE_EXECUTABLE_FOLDER_PATH)/OuluBank";
			};
			name = Debug;
		};
		8DFDE35B2D505CBE005004AB /* Release */ = {
			isa = XCBuildConfiguration;
			buildSettings = {
				BUNDLE_LOADER = "$(TEST_HOST)";
				CODE_SIGN_STYLE = Automatic;
				CURRENT_PROJECT_VERSION = 1;
				DEVELOPMENT_TEAM = B2Q8EGNCQA;
				GENERATE_INFOPLIST_FILE = YES;
				MARKETING_VERSION = 1.0;
				PRODUCT_BUNDLE_IDENTIFIER = com.azamsharp.OuluBankTests;
				PRODUCT_NAME = "$(TARGET_NAME)";
				SWIFT_EMIT_LOC_STRINGS = NO;
				SWIFT_VERSION = 5.0;
				TARGETED_DEVICE_FAMILY = "1,2";
				TEST_HOST = "$(BUILT_PRODUCTS_DIR)/OuluBank.app/$(BUNDLE_EXECUTABLE_FOLDER_PATH)/OuluBank";
			};
			name = Release;
		};
/* End XCBuildConfiguration section */

/* Begin XCConfigurationList section */
		8DB7533D2D5DA349008581C5 /* Build configuration list for PBXNativeTarget "OuluBankUITests" */ = {
			isa = XCConfigurationList;
			buildConfigurations = (
				8DB7533E2D5DA349008581C5 /* Debug */,
				8DB7533F2D5DA349008581C5 /* Release */,
			);
			defaultConfigurationIsVisible = 0;
			defaultConfigurationName = Release;
		};
		8DFDE3392D505C70005004AB /* Build configuration list for PBXProject "OuluBank" */ = {
			isa = XCConfigurationList;
			buildConfigurations = (
				8DFDE34A2D505C71005004AB /* Debug */,
				8DFDE34B2D505C71005004AB /* Release */,
			);
			defaultConfigurationIsVisible = 0;
			defaultConfigurationName = Release;
		};
		8DFDE34C2D505C71005004AB /* Build configuration list for PBXNativeTarget "OuluBank" */ = {
			isa = XCConfigurationList;
			buildConfigurations = (
				8DFDE34D2D505C71005004AB /* Debug */,
				8DFDE34E2D505C71005004AB /* Release */,
			);
			defaultConfigurationIsVisible = 0;
			defaultConfigurationName = Release;
		};
		8DFDE3592D505CBE005004AB /* Build configuration list for PBXNativeTarget "OuluBankTests" */ = {
			isa = XCConfigurationList;
			buildConfigurations = (
				8DFDE35A2D505CBE005004AB /* Debug */,
				8DFDE35B2D505CBE005004AB /* Release */,
			);
			defaultConfigurationIsVisible = 0;
			defaultConfigurationName = Release;
		};
/* End XCConfigurationList section */
	};
	rootObject = 8DFDE3362D505C70005004AB /* Project object */;
}
